// !$*UTF8*$!
{
	archiveVersion = 1;
	classes = {
	};
	objectVersion = 46;
	objects = {

/* Begin PBXBuildFile section */
		4B511305A77E55E857ACEE84 /* Pods_sportApp.framework in Frameworks */ = {isa = PBXBuildFile; fileRef = 416303987058649A48DBA9A3 /* Pods_sportApp.framework */; };
		E60257E01E4F15BE00A93902 /* SocketIOManager.swift in Sources */ = {isa = PBXBuildFile; fileRef = E60257DF1E4F15BE00A93902 /* SocketIOManager.swift */; };
		E611BC9F1D9010F400DED4D6 /* ProgramInfoModalViewController.swift in Sources */ = {isa = PBXBuildFile; fileRef = E611BC9E1D9010F400DED4D6 /* ProgramInfoModalViewController.swift */; };
		E618BD181DE97CC600D677D7 /* tag.png in Resources */ = {isa = PBXBuildFile; fileRef = E618BD171DE97CC600D677D7 /* tag.png */; };
		E621B4271DE9E973008C9D92 /* BcastConfigViewController.swift in Sources */ = {isa = PBXBuildFile; fileRef = E621B4261DE9E973008C9D92 /* BcastConfigViewController.swift */; };
		E621B4291DEA172A008C9D92 /* BcastConfigBaseViewController.swift in Sources */ = {isa = PBXBuildFile; fileRef = E621B4281DEA172A008C9D92 /* BcastConfigBaseViewController.swift */; };
		E621B42B1DEA1D44008C9D92 /* microphone.jpg in Resources */ = {isa = PBXBuildFile; fileRef = E621B42A1DEA1D44008C9D92 /* microphone.jpg */; };
		E621B42D1DEA20A6008C9D92 /* stop.png in Resources */ = {isa = PBXBuildFile; fileRef = E621B42C1DEA20A6008C9D92 /* stop.png */; };
		E621B42F1DEA20F8008C9D92 /* restart.png in Resources */ = {isa = PBXBuildFile; fileRef = E621B42E1DEA20F8008C9D92 /* restart.png */; };
		E621B4311DEA7229008C9D92 /* ChatViewController.swift in Sources */ = {isa = PBXBuildFile; fileRef = E621B4301DEA7229008C9D92 /* ChatViewController.swift */; };
		E62E43831E001751008EDCEC /* icon_facebook.png in Resources */ = {isa = PBXBuildFile; fileRef = E62E43821E001751008EDCEC /* icon_facebook.png */; };
		E62E43851E001FF7008EDCEC /* LoginViewController.swift in Sources */ = {isa = PBXBuildFile; fileRef = E62E43841E001FF7008EDCEC /* LoginViewController.swift */; };
		E64068FE1E44F42C00F920E4 /* ListeningViewController.swift in Sources */ = {isa = PBXBuildFile; fileRef = E64068FD1E44F42C00F920E4 /* ListeningViewController.swift */; };
		E65D58E21D5C93000062BBC8 /* BaseViewController.swift in Sources */ = {isa = PBXBuildFile; fileRef = E65D58E11D5C93000062BBC8 /* BaseViewController.swift */; };
		E65D58E81D5CA9F30062BBC8 /* ListLViewController.swift in Sources */ = {isa = PBXBuildFile; fileRef = E65D58E71D5CA9F30062BBC8 /* ListLViewController.swift */; };
		E69477FB1DDCA26800048B9D /* NewArrivalsViewController.swift in Sources */ = {isa = PBXBuildFile; fileRef = E69477FA1DDCA26800048B9D /* NewArrivalsViewController.swift */; };
		E69AB1E41DE5B3FB00C129E0 /* bg_rightgray.png in Resources */ = {isa = PBXBuildFile; fileRef = E69AB1E31DE5B3FB00C129E0 /* bg_rightgray.png */; };
		E6A6F4BB1E3C7B2300DE1C16 /* LiveViewController.swift in Sources */ = {isa = PBXBuildFile; fileRef = E6A6F4BA1E3C7B2300DE1C16 /* LiveViewController.swift */; };
		E6CE189A1CB90E90005A4C42 /* AppDelegate.swift in Sources */ = {isa = PBXBuildFile; fileRef = E6CE18991CB90E90005A4C42 /* AppDelegate.swift */; };
		E6CE189F1CB90E90005A4C42 /* Main.storyboard in Resources */ = {isa = PBXBuildFile; fileRef = E6CE189D1CB90E90005A4C42 /* Main.storyboard */; };
		E6CE18A21CB90E90005A4C42 /* sportApp.xcdatamodeld in Sources */ = {isa = PBXBuildFile; fileRef = E6CE18A01CB90E90005A4C42 /* sportApp.xcdatamodeld */; };
		E6CE18A41CB90E90005A4C42 /* Assets.xcassets in Resources */ = {isa = PBXBuildFile; fileRef = E6CE18A31CB90E90005A4C42 /* Assets.xcassets */; };
		E6CE18A71CB90E90005A4C42 /* LaunchScreen.storyboard in Resources */ = {isa = PBXBuildFile; fileRef = E6CE18A51CB90E90005A4C42 /* LaunchScreen.storyboard */; };
		E6CE7F4B1DD9E36800A6BC49 /* background_button.jpeg in Resources */ = {isa = PBXBuildFile; fileRef = E6CE7F4A1DD9E36800A6BC49 /* background_button.jpeg */; };
		E6E4D4AC1E211DE3002B738C /* ApiManager.swift in Sources */ = {isa = PBXBuildFile; fileRef = E6E4D4AB1E211DE3002B738C /* ApiManager.swift */; };
		E6FCA5DA1DCB9A3D00E8ED4C /* MenuViewController.swift in Sources */ = {isa = PBXBuildFile; fileRef = E6FCA5D91DCB9A3D00E8ED4C /* MenuViewController.swift */; };
		E6FEB08A1DE4A7F900BE915E /* CustomTableViewCell.swift in Sources */ = {isa = PBXBuildFile; fileRef = E6FEB0891DE4A7F900BE915E /* CustomTableViewCell.swift */; };
		E6FEB08C1DE4C24600BE915E /* no_image.png in Resources */ = {isa = PBXBuildFile; fileRef = E6FEB08B1DE4C24500BE915E /* no_image.png */; };
		E6FEB08E1DE4CAF300BE915E /* baseball.png in Resources */ = {isa = PBXBuildFile; fileRef = E6FEB08D1DE4CAF300BE915E /* baseball.png */; };
		E6FEB0901DE4CCEA00BE915E /* soccer.png in Resources */ = {isa = PBXBuildFile; fileRef = E6FEB08F1DE4CCEA00BE915E /* soccer.png */; };
		E6FEB0921DE4CD3400BE915E /* rugby.png in Resources */ = {isa = PBXBuildFile; fileRef = E6FEB0911DE4CD3400BE915E /* rugby.png */; };
		E6FEB0941DE4CD8900BE915E /* tennis.png in Resources */ = {isa = PBXBuildFile; fileRef = E6FEB0931DE4CD8900BE915E /* tennis.png */; };
		E6FEB0961DE4CFDE00BE915E /* volleyball.png in Resources */ = {isa = PBXBuildFile; fileRef = E6FEB0951DE4CFDE00BE915E /* volleyball.png */; };
		E6FEB0981DE4D02400BE915E /* basketball.png in Resources */ = {isa = PBXBuildFile; fileRef = E6FEB0971DE4D02400BE915E /* basketball.png */; };
		E6FEB09A1DE4D0C500BE915E /* tabletennis.png in Resources */ = {isa = PBXBuildFile; fileRef = E6FEB0991DE4D0C500BE915E /* tabletennis.png */; };
		E6FEB09C1DE4D12900BE915E /* golf.png in Resources */ = {isa = PBXBuildFile; fileRef = E6FEB09B1DE4D12900BE915E /* golf.png */; };
/* End PBXBuildFile section */

/* Begin PBXFileReference section */
		416303987058649A48DBA9A3 /* Pods_sportApp.framework */ = {isa = PBXFileReference; explicitFileType = wrapper.framework; includeInIndex = 0; path = Pods_sportApp.framework; sourceTree = BUILT_PRODUCTS_DIR; };
		66631CB9CD9A12674B4C7E94 /* Pods-sportApp.debug.xcconfig */ = {isa = PBXFileReference; includeInIndex = 1; lastKnownFileType = text.xcconfig; name = "Pods-sportApp.debug.xcconfig"; path = "Pods/Target Support Files/Pods-sportApp/Pods-sportApp.debug.xcconfig"; sourceTree = "<group>"; };
		9FE486B3548EFAB1D14077E1 /* Pods-sportApp.release.xcconfig */ = {isa = PBXFileReference; includeInIndex = 1; lastKnownFileType = text.xcconfig; name = "Pods-sportApp.release.xcconfig"; path = "Pods/Target Support Files/Pods-sportApp/Pods-sportApp.release.xcconfig"; sourceTree = "<group>"; };
		E60257DF1E4F15BE00A93902 /* SocketIOManager.swift */ = {isa = PBXFileReference; fileEncoding = 4; lastKnownFileType = sourcecode.swift; path = SocketIOManager.swift; sourceTree = "<group>"; };
		E611BC9E1D9010F400DED4D6 /* ProgramInfoModalViewController.swift */ = {isa = PBXFileReference; fileEncoding = 4; lastKnownFileType = sourcecode.swift; path = ProgramInfoModalViewController.swift; sourceTree = "<group>"; };
		E618BD171DE97CC600D677D7 /* tag.png */ = {isa = PBXFileReference; lastKnownFileType = image.png; path = tag.png; sourceTree = "<group>"; };
		E621B4261DE9E973008C9D92 /* BcastConfigViewController.swift */ = {isa = PBXFileReference; fileEncoding = 4; lastKnownFileType = sourcecode.swift; path = BcastConfigViewController.swift; sourceTree = "<group>"; };
		E621B4281DEA172A008C9D92 /* BcastConfigBaseViewController.swift */ = {isa = PBXFileReference; fileEncoding = 4; lastKnownFileType = sourcecode.swift; path = BcastConfigBaseViewController.swift; sourceTree = "<group>"; };
		E621B42A1DEA1D44008C9D92 /* microphone.jpg */ = {isa = PBXFileReference; lastKnownFileType = image.jpeg; path = microphone.jpg; sourceTree = "<group>"; };
		E621B42C1DEA20A6008C9D92 /* stop.png */ = {isa = PBXFileReference; lastKnownFileType = image.png; path = stop.png; sourceTree = "<group>"; };
		E621B42E1DEA20F8008C9D92 /* restart.png */ = {isa = PBXFileReference; lastKnownFileType = image.png; path = restart.png; sourceTree = "<group>"; };
		E621B4301DEA7229008C9D92 /* ChatViewController.swift */ = {isa = PBXFileReference; fileEncoding = 4; lastKnownFileType = sourcecode.swift; path = ChatViewController.swift; sourceTree = "<group>"; };
		E62E43821E001751008EDCEC /* icon_facebook.png */ = {isa = PBXFileReference; lastKnownFileType = image.png; path = icon_facebook.png; sourceTree = "<group>"; };
		E62E43841E001FF7008EDCEC /* LoginViewController.swift */ = {isa = PBXFileReference; fileEncoding = 4; lastKnownFileType = sourcecode.swift; path = LoginViewController.swift; sourceTree = "<group>"; };
		E64068FD1E44F42C00F920E4 /* ListeningViewController.swift */ = {isa = PBXFileReference; fileEncoding = 4; lastKnownFileType = sourcecode.swift; path = ListeningViewController.swift; sourceTree = "<group>"; };
		E65D58E11D5C93000062BBC8 /* BaseViewController.swift */ = {isa = PBXFileReference; fileEncoding = 4; lastKnownFileType = sourcecode.swift; path = BaseViewController.swift; sourceTree = "<group>"; };
		E65D58E71D5CA9F30062BBC8 /* ListLViewController.swift */ = {isa = PBXFileReference; fileEncoding = 4; lastKnownFileType = sourcecode.swift; path = ListLViewController.swift; sourceTree = "<group>"; };
		E69477FA1DDCA26800048B9D /* NewArrivalsViewController.swift */ = {isa = PBXFileReference; fileEncoding = 4; lastKnownFileType = sourcecode.swift; path = NewArrivalsViewController.swift; sourceTree = "<group>"; };
		E69AB1E31DE5B3FB00C129E0 /* bg_rightgray.png */ = {isa = PBXFileReference; lastKnownFileType = image.png; path = bg_rightgray.png; sourceTree = "<group>"; };
		E6A6F4BA1E3C7B2300DE1C16 /* LiveViewController.swift */ = {isa = PBXFileReference; fileEncoding = 4; lastKnownFileType = sourcecode.swift; path = LiveViewController.swift; sourceTree = "<group>"; };
		E6CE18961CB90E8F005A4C42 /* sportApp.app */ = {isa = PBXFileReference; explicitFileType = wrapper.application; includeInIndex = 0; name = sportApp.app; path = "/Users/Tomi/src/sportApp/build/Debug-iphoneos/sportApp.app"; sourceTree = "<absolute>"; };
		E6CE18991CB90E90005A4C42 /* AppDelegate.swift */ = {isa = PBXFileReference; lastKnownFileType = sourcecode.swift; path = AppDelegate.swift; sourceTree = "<group>"; };
		E6CE189E1CB90E90005A4C42 /* Base */ = {isa = PBXFileReference; lastKnownFileType = file.storyboard; name = Base; path = Base.lproj/Main.storyboard; sourceTree = "<group>"; };
		E6CE18A11CB90E90005A4C42 /* sportApp.xcdatamodel */ = {isa = PBXFileReference; lastKnownFileType = wrapper.xcdatamodel; path = sportApp.xcdatamodel; sourceTree = "<group>"; };
		E6CE18A31CB90E90005A4C42 /* Assets.xcassets */ = {isa = PBXFileReference; lastKnownFileType = folder.assetcatalog; path = Assets.xcassets; sourceTree = "<group>"; };
		E6CE18A61CB90E90005A4C42 /* Base */ = {isa = PBXFileReference; lastKnownFileType = file.storyboard; name = Base; path = Base.lproj/LaunchScreen.storyboard; sourceTree = "<group>"; };
		E6CE18A81CB90E90005A4C42 /* Info.plist */ = {isa = PBXFileReference; lastKnownFileType = text.plist.xml; path = Info.plist; sourceTree = "<group>"; };
		E6CE7F4A1DD9E36800A6BC49 /* background_button.jpeg */ = {isa = PBXFileReference; lastKnownFileType = image.jpeg; path = background_button.jpeg; sourceTree = "<group>"; };
		E6E4D4AB1E211DE3002B738C /* ApiManager.swift */ = {isa = PBXFileReference; fileEncoding = 4; lastKnownFileType = sourcecode.swift; path = ApiManager.swift; sourceTree = "<group>"; };
		E6FCA5D91DCB9A3D00E8ED4C /* MenuViewController.swift */ = {isa = PBXFileReference; fileEncoding = 4; lastKnownFileType = sourcecode.swift; path = MenuViewController.swift; sourceTree = "<group>"; };
		E6FEB0891DE4A7F900BE915E /* CustomTableViewCell.swift */ = {isa = PBXFileReference; fileEncoding = 4; lastKnownFileType = sourcecode.swift; path = CustomTableViewCell.swift; sourceTree = "<group>"; };
		E6FEB08B1DE4C24500BE915E /* no_image.png */ = {isa = PBXFileReference; lastKnownFileType = image.png; path = no_image.png; sourceTree = "<group>"; };
		E6FEB08D1DE4CAF300BE915E /* baseball.png */ = {isa = PBXFileReference; lastKnownFileType = image.png; path = baseball.png; sourceTree = "<group>"; };
		E6FEB08F1DE4CCEA00BE915E /* soccer.png */ = {isa = PBXFileReference; lastKnownFileType = image.png; path = soccer.png; sourceTree = "<group>"; };
		E6FEB0911DE4CD3400BE915E /* rugby.png */ = {isa = PBXFileReference; lastKnownFileType = image.png; path = rugby.png; sourceTree = "<group>"; };
		E6FEB0931DE4CD8900BE915E /* tennis.png */ = {isa = PBXFileReference; lastKnownFileType = image.png; path = tennis.png; sourceTree = "<group>"; };
		E6FEB0951DE4CFDE00BE915E /* volleyball.png */ = {isa = PBXFileReference; lastKnownFileType = image.png; path = volleyball.png; sourceTree = "<group>"; };
		E6FEB0971DE4D02400BE915E /* basketball.png */ = {isa = PBXFileReference; lastKnownFileType = image.png; path = basketball.png; sourceTree = "<group>"; };
		E6FEB0991DE4D0C500BE915E /* tabletennis.png */ = {isa = PBXFileReference; lastKnownFileType = image.png; path = tabletennis.png; sourceTree = "<group>"; };
		E6FEB09B1DE4D12900BE915E /* golf.png */ = {isa = PBXFileReference; lastKnownFileType = image.png; path = golf.png; sourceTree = "<group>"; };
/* End PBXFileReference section */

/* Begin PBXFrameworksBuildPhase section */
		E6CE18931CB90E8F005A4C42 /* Frameworks */ = {
			isa = PBXFrameworksBuildPhase;
			buildActionMask = 2147483647;
			files = (
				4B511305A77E55E857ACEE84 /* Pods_sportApp.framework in Frameworks */,
			);
			runOnlyForDeploymentPostprocessing = 0;
		};
/* End PBXFrameworksBuildPhase section */

/* Begin PBXGroup section */
		0A3039B02FDFC6D9C5B41165 /* Frameworks */ = {
			isa = PBXGroup;
			children = (
				416303987058649A48DBA9A3 /* Pods_sportApp.framework */,
			);
			name = Frameworks;
			sourceTree = "<group>";
		};
		60367B5C9C22B341E9752B7D /* Pods */ = {
			isa = PBXGroup;
			children = (
				66631CB9CD9A12674B4C7E94 /* Pods-sportApp.debug.xcconfig */,
				9FE486B3548EFAB1D14077E1 /* Pods-sportApp.release.xcconfig */,
			);
			name = Pods;
			sourceTree = "<group>";
		};
		E6CE188D1CB90E8F005A4C42 = {
			isa = PBXGroup;
			children = (
				E6CE18981CB90E90005A4C42 /* sportApp */,
				60367B5C9C22B341E9752B7D /* Pods */,
				0A3039B02FDFC6D9C5B41165 /* Frameworks */,
			);
			sourceTree = "<group>";
		};
		E6CE18981CB90E90005A4C42 /* sportApp */ = {
			isa = PBXGroup;
			children = (
				E6E4D4AA1E211DBA002B738C /* Manager */,
				E6FAC20D1DE5EC3A00F9539F /* res */,
				E6CE18991CB90E90005A4C42 /* AppDelegate.swift */,
				E65D58E71D5CA9F30062BBC8 /* ListLViewController.swift */,
				E65D58E11D5C93000062BBC8 /* BaseViewController.swift */,
				E6CE189D1CB90E90005A4C42 /* Main.storyboard */,
				E6CE18A31CB90E90005A4C42 /* Assets.xcassets */,
				E6CE18A51CB90E90005A4C42 /* LaunchScreen.storyboard */,
				E6CE18A81CB90E90005A4C42 /* Info.plist */,
				E6CE18A01CB90E90005A4C42 /* sportApp.xcdatamodeld */,
				E611BC9E1D9010F400DED4D6 /* ProgramInfoModalViewController.swift */,
				E6FCA5D91DCB9A3D00E8ED4C /* MenuViewController.swift */,
				E69477FA1DDCA26800048B9D /* NewArrivalsViewController.swift */,
				E6FEB0891DE4A7F900BE915E /* CustomTableViewCell.swift */,
				E621B4261DE9E973008C9D92 /* BcastConfigViewController.swift */,
				E621B4281DEA172A008C9D92 /* BcastConfigBaseViewController.swift */,
				E621B4301DEA7229008C9D92 /* ChatViewController.swift */,
				E62E43841E001FF7008EDCEC /* LoginViewController.swift */,
				E6A6F4BA1E3C7B2300DE1C16 /* LiveViewController.swift */,
				E64068FD1E44F42C00F920E4 /* ListeningViewController.swift */,
			);
			path = sportApp;
			sourceTree = "<group>";
		};
		E6E4D4AA1E211DBA002B738C /* Manager */ = {
			isa = PBXGroup;
			children = (
				E6E4D4AB1E211DE3002B738C /* ApiManager.swift */,
				E60257DF1E4F15BE00A93902 /* SocketIOManager.swift */,
			);
			name = Manager;
			sourceTree = "<group>";
		};
		E6FAC20D1DE5EC3A00F9539F /* res */ = {
			isa = PBXGroup;
			children = (
				E62E43821E001751008EDCEC /* icon_facebook.png */,
				E621B42C1DEA20A6008C9D92 /* stop.png */,
				E69AB1E31DE5B3FB00C129E0 /* bg_rightgray.png */,
				E621B42A1DEA1D44008C9D92 /* microphone.jpg */,
				E618BD171DE97CC600D677D7 /* tag.png */,
				E621B42E1DEA20F8008C9D92 /* restart.png */,
				E6CE7F4A1DD9E36800A6BC49 /* background_button.jpeg */,
				E6FEB08F1DE4CCEA00BE915E /* soccer.png */,
				E6FEB08D1DE4CAF300BE915E /* baseball.png */,
				E6FEB0911DE4CD3400BE915E /* rugby.png */,
				E6FEB0931DE4CD8900BE915E /* tennis.png */,
				E6FEB0951DE4CFDE00BE915E /* volleyball.png */,
				E6FEB0971DE4D02400BE915E /* basketball.png */,
				E6FEB0991DE4D0C500BE915E /* tabletennis.png */,
				E6FEB09B1DE4D12900BE915E /* golf.png */,
				E6FEB08B1DE4C24500BE915E /* no_image.png */,
			);
			name = res;
			sourceTree = "<group>";
		};
/* End PBXGroup section */

/* Begin PBXNativeTarget section */
		E6CE18951CB90E8F005A4C42 /* sportApp */ = {
			isa = PBXNativeTarget;
			buildConfigurationList = E6CE18C11CB90E91005A4C42 /* Build configuration list for PBXNativeTarget "sportApp" */;
			buildPhases = (
				D69A49819D2E006CE172897F /* [CP] Check Pods Manifest.lock */,
				E6CE18921CB90E8F005A4C42 /* Sources */,
				E6CE18931CB90E8F005A4C42 /* Frameworks */,
				E6CE18941CB90E8F005A4C42 /* Resources */,
				6D4A266A70B4F58007CA5072 /* [CP] Embed Pods Frameworks */,
				2848AF7E044786ED40975D0D /* [CP] Copy Pods Resources */,
			);
			buildRules = (
			);
			dependencies = (
			);
			name = sportApp;
			productName = sportApp;
			productReference = E6CE18961CB90E8F005A4C42 /* sportApp.app */;
			productType = "com.apple.product-type.application";
		};
/* End PBXNativeTarget section */

/* Begin PBXProject section */
		E6CE188E1CB90E8F005A4C42 /* Project object */ = {
			isa = PBXProject;
			attributes = {
				LastSwiftUpdateCheck = 0720;
				LastUpgradeCheck = 0900;
				ORGANIZATIONNAME = slj;
				TargetAttributes = {
					E6CE18951CB90E8F005A4C42 = {
						CreatedOnToolsVersion = 7.2;
						DevelopmentTeam = QRLM6QECJ8;
						LastSwiftMigration = 0900;
						SystemCapabilities = {
							com.apple.iCloud = {
								enabled = 0;
							};
						};
					};
				};
			};
			buildConfigurationList = E6CE18911CB90E8F005A4C42 /* Build configuration list for PBXProject "sportApp" */;
			compatibilityVersion = "Xcode 3.2";
			developmentRegion = English;
			hasScannedForEncodings = 0;
			knownRegions = (
				en,
				Base,
			);
			mainGroup = E6CE188D1CB90E8F005A4C42;
			productRefGroup = E6CE188D1CB90E8F005A4C42;
			projectDirPath = "";
			projectRoot = "";
			targets = (
				E6CE18951CB90E8F005A4C42 /* sportApp */,
			);
		};
/* End PBXProject section */

/* Begin PBXResourcesBuildPhase section */
		E6CE18941CB90E8F005A4C42 /* Resources */ = {
			isa = PBXResourcesBuildPhase;
			buildActionMask = 2147483647;
			files = (
				E6FEB09A1DE4D0C500BE915E /* tabletennis.png in Resources */,
				E6FEB0961DE4CFDE00BE915E /* volleyball.png in Resources */,
				E6CE7F4B1DD9E36800A6BC49 /* background_button.jpeg in Resources */,
				E6CE18A71CB90E90005A4C42 /* LaunchScreen.storyboard in Resources */,
				E6FEB0921DE4CD3400BE915E /* rugby.png in Resources */,
				E621B42B1DEA1D44008C9D92 /* microphone.jpg in Resources */,
				E618BD181DE97CC600D677D7 /* tag.png in Resources */,
				E6CE18A41CB90E90005A4C42 /* Assets.xcassets in Resources */,
				E6FEB0901DE4CCEA00BE915E /* soccer.png in Resources */,
				E6FEB08C1DE4C24600BE915E /* no_image.png in Resources */,
				E621B42D1DEA20A6008C9D92 /* stop.png in Resources */,
				E6FEB08E1DE4CAF300BE915E /* baseball.png in Resources */,
				E69AB1E41DE5B3FB00C129E0 /* bg_rightgray.png in Resources */,
				E6FEB0941DE4CD8900BE915E /* tennis.png in Resources */,
				E6FEB09C1DE4D12900BE915E /* golf.png in Resources */,
				E6FEB0981DE4D02400BE915E /* basketball.png in Resources */,
				E6CE189F1CB90E90005A4C42 /* Main.storyboard in Resources */,
				E62E43831E001751008EDCEC /* icon_facebook.png in Resources */,
				E621B42F1DEA20F8008C9D92 /* restart.png in Resources */,
			);
			runOnlyForDeploymentPostprocessing = 0;
		};
/* End PBXResourcesBuildPhase section */

/* Begin PBXShellScriptBuildPhase section */
		2848AF7E044786ED40975D0D /* [CP] Copy Pods Resources */ = {
			isa = PBXShellScriptBuildPhase;
			buildActionMask = 2147483647;
			files = (
			);
			inputPaths = (
			);
			name = "[CP] Copy Pods Resources";
			outputPaths = (
			);
			runOnlyForDeploymentPostprocessing = 0;
			shellPath = /bin/sh;
			shellScript = "\"${SRCROOT}/Pods/Target Support Files/Pods-sportApp/Pods-sportApp-resources.sh\"\n";
			showEnvVarsInLog = 0;
		};
		6D4A266A70B4F58007CA5072 /* [CP] Embed Pods Frameworks */ = {
			isa = PBXShellScriptBuildPhase;
			buildActionMask = 2147483647;
			files = (
			);
			inputPaths = (
			);
			name = "[CP] Embed Pods Frameworks";
			outputPaths = (
			);
			runOnlyForDeploymentPostprocessing = 0;
			shellPath = /bin/sh;
			shellScript = "\"${SRCROOT}/Pods/Target Support Files/Pods-sportApp/Pods-sportApp-frameworks.sh\"\n";
			showEnvVarsInLog = 0;
		};
		D69A49819D2E006CE172897F /* [CP] Check Pods Manifest.lock */ = {
			isa = PBXShellScriptBuildPhase;
			buildActionMask = 2147483647;
			files = (
			);
			inputPaths = (
			);
			name = "[CP] Check Pods Manifest.lock";
			outputPaths = (
			);
			runOnlyForDeploymentPostprocessing = 0;
			shellPath = /bin/sh;
			shellScript = "diff \"${PODS_PODFILE_DIR_PATH}/Podfile.lock\" \"${PODS_ROOT}/Manifest.lock\" > /dev/null\nif [ $? != 0 ] ; then\n    # print error to STDERR\n    echo \"error: The sandbox is not in sync with the Podfile.lock. Run 'pod install' or update your CocoaPods installation.\" >&2\n    exit 1\nfi\n";
			showEnvVarsInLog = 0;
		};
/* End PBXShellScriptBuildPhase section */

/* Begin PBXSourcesBuildPhase section */
		E6CE18921CB90E8F005A4C42 /* Sources */ = {
			isa = PBXSourcesBuildPhase;
			buildActionMask = 2147483647;
			files = (
				E62E43851E001FF7008EDCEC /* LoginViewController.swift in Sources */,
				E6FEB08A1DE4A7F900BE915E /* CustomTableViewCell.swift in Sources */,
				E6A6F4BB1E3C7B2300DE1C16 /* LiveViewController.swift in Sources */,
				E65D58E81D5CA9F30062BBC8 /* ListLViewController.swift in Sources */,
				E611BC9F1D9010F400DED4D6 /* ProgramInfoModalViewController.swift in Sources */,
				E6FCA5DA1DCB9A3D00E8ED4C /* MenuViewController.swift in Sources */,
				E64068FE1E44F42C00F920E4 /* ListeningViewController.swift in Sources */,
				E6CE189A1CB90E90005A4C42 /* AppDelegate.swift in Sources */,
				E6E4D4AC1E211DE3002B738C /* ApiManager.swift in Sources */,
				E65D58E21D5C93000062BBC8 /* BaseViewController.swift in Sources */,
				E6CE18A21CB90E90005A4C42 /* sportApp.xcdatamodeld in Sources */,
				E60257E01E4F15BE00A93902 /* SocketIOManager.swift in Sources */,
				E621B4291DEA172A008C9D92 /* BcastConfigBaseViewController.swift in Sources */,
				E621B4271DE9E973008C9D92 /* BcastConfigViewController.swift in Sources */,
				E621B4311DEA7229008C9D92 /* ChatViewController.swift in Sources */,
				E69477FB1DDCA26800048B9D /* NewArrivalsViewController.swift in Sources */,
			);
			runOnlyForDeploymentPostprocessing = 0;
		};
/* End PBXSourcesBuildPhase section */

/* Begin PBXVariantGroup section */
		E6CE189D1CB90E90005A4C42 /* Main.storyboard */ = {
			isa = PBXVariantGroup;
			children = (
				E6CE189E1CB90E90005A4C42 /* Base */,
			);
			name = Main.storyboard;
			sourceTree = "<group>";
		};
		E6CE18A51CB90E90005A4C42 /* LaunchScreen.storyboard */ = {
			isa = PBXVariantGroup;
			children = (
				E6CE18A61CB90E90005A4C42 /* Base */,
			);
			name = LaunchScreen.storyboard;
			sourceTree = "<group>";
		};
/* End PBXVariantGroup section */

/* Begin XCBuildConfiguration section */
		E6CE18BF1CB90E91005A4C42 /* Debug */ = {
			isa = XCBuildConfiguration;
			buildSettings = {
				ALWAYS_SEARCH_USER_PATHS = NO;
				CLANG_CXX_LANGUAGE_STANDARD = "gnu++0x";
				CLANG_CXX_LIBRARY = "libc++";
				CLANG_ENABLE_MODULES = YES;
				CLANG_ENABLE_OBJC_ARC = YES;
				CLANG_WARN_BLOCK_CAPTURE_AUTORELEASING = YES;
				CLANG_WARN_BOOL_CONVERSION = YES;
				CLANG_WARN_COMMA = YES;
				CLANG_WARN_CONSTANT_CONVERSION = YES;
				CLANG_WARN_DIRECT_OBJC_ISA_USAGE = YES_ERROR;
				CLANG_WARN_EMPTY_BODY = YES;
				CLANG_WARN_ENUM_CONVERSION = YES;
				CLANG_WARN_INFINITE_RECURSION = YES;
				CLANG_WARN_INT_CONVERSION = YES;
				CLANG_WARN_NON_LITERAL_NULL_CONVERSION = YES;
				CLANG_WARN_OBJC_LITERAL_CONVERSION = YES;
				CLANG_WARN_OBJC_ROOT_CLASS = YES_ERROR;
				CLANG_WARN_RANGE_LOOP_ANALYSIS = YES;
				CLANG_WARN_STRICT_PROTOTYPES = YES;
				CLANG_WARN_SUSPICIOUS_MOVE = YES;
				CLANG_WARN_UNREACHABLE_CODE = YES;
				CLANG_WARN__DUPLICATE_METHOD_MATCH = YES;
				"CODE_SIGN_IDENTITY[sdk=iphoneos*]" = "iPhone Developer";
				COPY_PHASE_STRIP = NO;
				DEBUG_INFORMATION_FORMAT = dwarf;
				ENABLE_STRICT_OBJC_MSGSEND = YES;
				ENABLE_TESTABILITY = YES;
				GCC_C_LANGUAGE_STANDARD = gnu99;
				GCC_DYNAMIC_NO_PIC = NO;
				GCC_NO_COMMON_BLOCKS = YES;
				GCC_OPTIMIZATION_LEVEL = 0;
				GCC_PREPROCESSOR_DEFINITIONS = (
					"DEBUG=1",
					"$(inherited)",
				);
				GCC_WARN_64_TO_32_BIT_CONVERSION = YES;
				GCC_WARN_ABOUT_RETURN_TYPE = YES_ERROR;
				GCC_WARN_UNDECLARED_SELECTOR = YES;
				GCC_WARN_UNINITIALIZED_AUTOS = YES_AGGRESSIVE;
				GCC_WARN_UNUSED_FUNCTION = YES;
				GCC_WARN_UNUSED_VARIABLE = YES;
				IPHONEOS_DEPLOYMENT_TARGET = 10.0;
				MTL_ENABLE_DEBUG_INFO = YES;
				ONLY_ACTIVE_ARCH = YES;
				SDKROOT = iphoneos;
				SWIFT_OPTIMIZATION_LEVEL = "-Onone";
				SWIFT_VERSION = 2.3;
			};
			name = Debug;
		};
		E6CE18C01CB90E91005A4C42 /* Release */ = {
			isa = XCBuildConfiguration;
			buildSettings = {
				ALWAYS_SEARCH_USER_PATHS = NO;
				CLANG_CXX_LANGUAGE_STANDARD = "gnu++0x";
				CLANG_CXX_LIBRARY = "libc++";
				CLANG_ENABLE_MODULES = YES;
				CLANG_ENABLE_OBJC_ARC = YES;
				CLANG_WARN_BLOCK_CAPTURE_AUTORELEASING = YES;
				CLANG_WARN_BOOL_CONVERSION = YES;
				CLANG_WARN_COMMA = YES;
				CLANG_WARN_CONSTANT_CONVERSION = YES;
				CLANG_WARN_DIRECT_OBJC_ISA_USAGE = YES_ERROR;
				CLANG_WARN_EMPTY_BODY = YES;
				CLANG_WARN_ENUM_CONVERSION = YES;
				CLANG_WARN_INFINITE_RECURSION = YES;
				CLANG_WARN_INT_CONVERSION = YES;
				CLANG_WARN_NON_LITERAL_NULL_CONVERSION = YES;
				CLANG_WARN_OBJC_LITERAL_CONVERSION = YES;
				CLANG_WARN_OBJC_ROOT_CLASS = YES_ERROR;
				CLANG_WARN_RANGE_LOOP_ANALYSIS = YES;
				CLANG_WARN_STRICT_PROTOTYPES = YES;
				CLANG_WARN_SUSPICIOUS_MOVE = YES;
				CLANG_WARN_UNREACHABLE_CODE = YES;
				CLANG_WARN__DUPLICATE_METHOD_MATCH = YES;
				"CODE_SIGN_IDENTITY[sdk=iphoneos*]" = "iPhone Developer";
				COPY_PHASE_STRIP = NO;
				DEBUG_INFORMATION_FORMAT = "dwarf-with-dsym";
				ENABLE_NS_ASSERTIONS = NO;
				ENABLE_STRICT_OBJC_MSGSEND = YES;
				GCC_C_LANGUAGE_STANDARD = gnu99;
				GCC_NO_COMMON_BLOCKS = YES;
				GCC_WARN_64_TO_32_BIT_CONVERSION = YES;
				GCC_WARN_ABOUT_RETURN_TYPE = YES_ERROR;
				GCC_WARN_UNDECLARED_SELECTOR = YES;
				GCC_WARN_UNINITIALIZED_AUTOS = YES_AGGRESSIVE;
				GCC_WARN_UNUSED_FUNCTION = YES;
				GCC_WARN_UNUSED_VARIABLE = YES;
				IPHONEOS_DEPLOYMENT_TARGET = 10.0;
				MTL_ENABLE_DEBUG_INFO = NO;
				SDKROOT = iphoneos;
				SWIFT_OPTIMIZATION_LEVEL = "-Owholemodule";
				SWIFT_VERSION = 2.3;
				VALIDATE_PRODUCT = YES;
			};
			name = Release;
		};
		E6CE18C21CB90E91005A4C42 /* Debug */ = {
			isa = XCBuildConfiguration;
			baseConfigurationReference = 66631CB9CD9A12674B4C7E94 /* Pods-sportApp.debug.xcconfig */;
			buildSettings = {
				ALWAYS_EMBED_SWIFT_STANDARD_LIBRARIES = YES;
				ASSETCATALOG_COMPILER_APPICON_NAME = AppIcon;
				DEVELOPMENT_TEAM = QRLM6QECJ8;
				INFOPLIST_FILE = sportApp/Info.plist;
				IPHONEOS_DEPLOYMENT_TARGET = 9.1;
				LD_RUNPATH_SEARCH_PATHS = "$(inherited) @executable_path/Frameworks";
				PRODUCT_BUNDLE_IDENTIFIER = "info.speedlink-td.sportApp";
				PRODUCT_NAME = "$(TARGET_NAME)";
				SWIFT_SWIFT3_OBJC_INFERENCE = On;
				SWIFT_VERSION = 4.0;
			};
			name = Debug;
		};
		E6CE18C31CB90E91005A4C42 /* Release */ = {
			isa = XCBuildConfiguration;
			baseConfigurationReference = 9FE486B3548EFAB1D14077E1 /* Pods-sportApp.release.xcconfig */;
			buildSettings = {
				ALWAYS_EMBED_SWIFT_STANDARD_LIBRARIES = YES;
				ASSETCATALOG_COMPILER_APPICON_NAME = AppIcon;
				DEVELOPMENT_TEAM = QRLM6QECJ8;
				INFOPLIST_FILE = sportApp/Info.plist;
				IPHONEOS_DEPLOYMENT_TARGET = 9.1;
				LD_RUNPATH_SEARCH_PATHS = "$(inherited) @executable_path/Frameworks";
				PRODUCT_BUNDLE_IDENTIFIER = "info.speedlink-td.sportApp";
				PRODUCT_NAME = "$(TARGET_NAME)";
				SWIFT_SWIFT3_OBJC_INFERENCE = On;
				SWIFT_VERSION = 4.0;
			};
			name = Release;
		};
/* End XCBuildConfiguration section */

/* Begin XCConfigurationList section */
		E6CE18911CB90E8F005A4C42 /* Build configuration list for PBXProject "sportApp" */ = {
			isa = XCConfigurationList;
			buildConfigurations = (
				E6CE18BF1CB90E91005A4C42 /* Debug */,
				E6CE18C01CB90E91005A4C42 /* Release */,
			);
			defaultConfigurationIsVisible = 0;
			defaultConfigurationName = Release;
		};
		E6CE18C11CB90E91005A4C42 /* Build configuration list for PBXNativeTarget "sportApp" */ = {
			isa = XCConfigurationList;
			buildConfigurations = (
				E6CE18C21CB90E91005A4C42 /* Debug */,
				E6CE18C31CB90E91005A4C42 /* Release */,
			);
			defaultConfigurationIsVisible = 0;
			defaultConfigurationName = Release;
		};
/* End XCConfigurationList section */

/* Begin XCVersionGroup section */
		E6CE18A01CB90E90005A4C42 /* sportApp.xcdatamodeld */ = {
			isa = XCVersionGroup;
			children = (
				E6CE18A11CB90E90005A4C42 /* sportApp.xcdatamodel */,
			);
			currentVersion = E6CE18A11CB90E90005A4C42 /* sportApp.xcdatamodel */;
			path = sportApp.xcdatamodeld;
			sourceTree = "<group>";
			versionGroupType = wrapper.xcdatamodel;
		};
/* End XCVersionGroup section */
	};
	rootObject = E6CE188E1CB90E8F005A4C42 /* Project object */;
}
